
Microsoft Visual Studio Solution File, Format Version 12.00
# Visual Studio Version 16
VisualStudioVersion = 25.0.1700.0
MinimumVisualStudioVersion = 10.0.40219.1
Project("{FAE04EC0-301F-11D3-BF4B-00C04F79EFBC}") = "WsLabo", "WsLabo/WsLabo.csproj", "{E06EF207-E533-42D2-8975-6E094E1ADC38}"
EndProject
Global
	GlobalSection(SolutionConfigurationPlatforms) = preSolution
		Debug|Any CPU = Debug|Any CPU
		Release|Any CPU = Release|Any CPU
	EndGlobalSection
	GlobalSection(ProjectConfigurationPlatforms) = postSolution
		{E06EF207-E533-42D2-8975-6E094E1ADC38}.Debug|Any CPU.ActiveCfg = Debug|Any CPU
		{E06EF207-E533-42D2-8975-6E094E1ADC38}.Debug|Any CPU.Build.0 = Debug|Any CPU
		{E06EF207-E533-42D2-8975-6E094E1ADC38}.Release|Any CPU.ActiveCfg = Release|Any CPU
		{E06EF207-E533-42D2-8975-6E094E1ADC38}.Release|Any CPU.Build.0 = Release|Any CPU
	EndGlobalSection
	GlobalSection(SolutionProperties) = preSolution
		HideSolutionNode = FALSE
	EndGlobalSection
	GlobalSection(ExtensibilityGlobals) = postSolution
		SolutionGuid = {4E9D534F-C051-406E-BE95-8D86C855B63D}
	EndGlobalSection
EndGlobal
